
Microsoft Visual Studio Solution File, Format Version 12.00
# Visual Studio Version 16
VisualStudioVersion = 16.0.31005.135
MinimumVisualStudioVersion = 10.0.40219.1
Project("{FAE04EC0-301F-11D3-BF4B-00C04F79EFBC}") = "Fuggveny", "Fuggveny\Fuggveny.csproj", "{0299915F-4970-4853-B0A8-70269E7454BD}"
EndProject
Global
	GlobalSection(SolutionConfigurationPlatforms) = preSolution
		Debug|Any CPU = Debug|Any CPU
		Release|Any CPU = Release|Any CPU
	EndGlobalSection
	GlobalSection(ProjectConfigurationPlatforms) = postSolution
		{0299915F-4970-4853-B0A8-70269E7454BD}.Debug|Any CPU.ActiveCfg = Debug|Any CPU
		{0299915F-4970-4853-B0A8-70269E7454BD}.Debug|Any CPU.Build.0 = Debug|Any CPU
		{0299915F-4970-4853-B0A8-70269E7454BD}.Release|Any CPU.ActiveCfg = Release|Any CPU
		{0299915F-4970-4853-B0A8-70269E7454BD}.Release|Any CPU.Build.0 = Release|Any CPU
	EndGlobalSection
	GlobalSection(SolutionProperties) = preSolution
		HideSolutionNode = FALSE
	EndGlobalSection
	GlobalSection(ExtensibilityGlobals) = postSolution
		SolutionGuid = {F94AE4DA-E5A3-4EB4-BE0E-3ED49BCAA081}
	EndGlobalSection
EndGlobal
